
Microsoft Visual Studio Solution File, Format Version 12.00
# Visual Studio Version 16
VisualStudioVersion = 16.0.809.1
MinimumVisualStudioVersion = 10.0.40219.1
Project("{FAE04EC0-301F-11D3-BF4B-00C04F79EFBC}") = "WebApi", "WebApi\WebApi.csproj", "{2AA2F703-05D7-4F48-8601-914913FC7BCF}"
EndProject
Global
	GlobalSection(SolutionConfigurationPlatforms) = preSolution
		Debug|Any CPU = Debug|Any CPU
		Release|Any CPU = Release|Any CPU
	EndGlobalSection
	GlobalSection(ProjectConfigurationPlatforms) = postSolution
		{2AA2F703-05D7-4F48-8601-914913FC7BCF}.Debug|Any CPU.ActiveCfg = Debug|Any CPU
		{2AA2F703-05D7-4F48-8601-914913FC7BCF}.Debug|Any CPU.Build.0 = Debug|Any CPU
		{2AA2F703-05D7-4F48-8601-914913FC7BCF}.Release|Any CPU.ActiveCfg = Release|Any CPU
		{2AA2F703-05D7-4F48-8601-914913FC7BCF}.Release|Any CPU.Build.0 = Release|Any CPU
	EndGlobalSection
	GlobalSection(SolutionProperties) = preSolution
		HideSolutionNode = FALSE
	EndGlobalSection
	GlobalSection(ExtensibilityGlobals) = postSolution
		SolutionGuid = {49CD1F86-0C91-4EF6-8812-3BA819859159}
	EndGlobalSection
EndGlobal
